
Microsoft Visual Studio Solution File, Format Version 12.00
# Visual Studio 2015
Project("{FAE04EC0-301F-11D3-BF4B-00C04F79EFBC}") = "currentPolarityWithProblems-master", "currentPolarityWithProblems-master.csproj", "{0FBD794E-5923-65EB-A5FB-66E70453F3B1}"
EndProject
Global
	GlobalSection(SolutionConfigurationPlatforms) = preSolution
		Debug|Any CPU = Debug|Any CPU
		Release|Any CPU = Release|Any CPU
	EndGlobalSection
	GlobalSection(ProjectConfigurationPlatforms) = postSolution
		{0FBD794E-5923-65EB-A5FB-66E70453F3B1}.Debug|Any CPU.ActiveCfg = Debug|Any CPU
		{0FBD794E-5923-65EB-A5FB-66E70453F3B1}.Debug|Any CPU.Build.0 = Debug|Any CPU
		{0FBD794E-5923-65EB-A5FB-66E70453F3B1}.Release|Any CPU.ActiveCfg = Release|Any CPU
		{0FBD794E-5923-65EB-A5FB-66E70453F3B1}.Release|Any CPU.Build.0 = Release|Any CPU
	EndGlobalSection
	GlobalSection(SolutionProperties) = preSolution
		HideSolutionNode = FALSE
	EndGlobalSection
EndGlobal
